
Microsoft Visual Studio Solution File, Format Version 12.00
# Visual Studio Version 17
VisualStudioVersion = 17.14.36310.24 d17.14
MinimumVisualStudioVersion = 10.0.40219.1
Project("{FAE04EC0-301F-11D3-BF4B-00C04F79EFBC}") = "Bayer-API", "Bayer-API\Bayer-API.csproj", "{F3F2686A-AAD8-48E2-B738-2C0C32185FD4}"
EndProject
Project("{FAE04EC0-301F-11D3-BF4B-00C04F79EFBC}") = "Service", "Service\Service.csproj", "{E0A6F40A-4DB9-4814-A0A2-F0077D99CE28}"
EndProject
Project("{FAE04EC0-301F-11D3-BF4B-00C04F79EFBC}") = "Bayer-API.UnitTest", "Bayer-API.UnitTest\Bayer-API.UnitTest.csproj", "{2DBE0CBA-7FC3-438F-9E1F-572B77A4FC4D}"
EndProject
Project("{FAE04EC0-301F-11D3-BF4B-00C04F79EFBC}") = "API-service", "API-service\API-service.csproj", "{E47CEF9C-8655-4934-9871-7545BEFF1B7B}"
EndProject
Global
	GlobalSection(SolutionConfigurationPlatforms) = preSolution
		Debug|Any CPU = Debug|Any CPU
		Release|Any CPU = Release|Any CPU
	EndGlobalSection
	GlobalSection(ProjectConfigurationPlatforms) = postSolution
		{F3F2686A-AAD8-48E2-B738-2C0C32185FD4}.Debug|Any CPU.ActiveCfg = Debug|Any CPU
		{F3F2686A-AAD8-48E2-B738-2C0C32185FD4}.Debug|Any CPU.Build.0 = Debug|Any CPU
		{F3F2686A-AAD8-48E2-B738-2C0C32185FD4}.Release|Any CPU.ActiveCfg = Release|Any CPU
		{F3F2686A-AAD8-48E2-B738-2C0C32185FD4}.Release|Any CPU.Build.0 = Release|Any CPU
		{E0A6F40A-4DB9-4814-A0A2-F0077D99CE28}.Debug|Any CPU.ActiveCfg = Debug|Any CPU
		{E0A6F40A-4DB9-4814-A0A2-F0077D99CE28}.Debug|Any CPU.Build.0 = Debug|Any CPU
		{E0A6F40A-4DB9-4814-A0A2-F0077D99CE28}.Release|Any CPU.ActiveCfg = Release|Any CPU
		{E0A6F40A-4DB9-4814-A0A2-F0077D99CE28}.Release|Any CPU.Build.0 = Release|Any CPU
		{2DBE0CBA-7FC3-438F-9E1F-572B77A4FC4D}.Debug|Any CPU.ActiveCfg = Debug|Any CPU
		{2DBE0CBA-7FC3-438F-9E1F-572B77A4FC4D}.Debug|Any CPU.Build.0 = Debug|Any CPU
		{2DBE0CBA-7FC3-438F-9E1F-572B77A4FC4D}.Release|Any CPU.ActiveCfg = Release|Any CPU
		{2DBE0CBA-7FC3-438F-9E1F-572B77A4FC4D}.Release|Any CPU.Build.0 = Release|Any CPU
		{E47CEF9C-8655-4934-9871-7545BEFF1B7B}.Debug|Any CPU.ActiveCfg = Debug|Any CPU
		{E47CEF9C-8655-4934-9871-7545BEFF1B7B}.Debug|Any CPU.Build.0 = Debug|Any CPU
		{E47CEF9C-8655-4934-9871-7545BEFF1B7B}.Release|Any CPU.ActiveCfg = Release|Any CPU
		{E47CEF9C-8655-4934-9871-7545BEFF1B7B}.Release|Any CPU.Build.0 = Release|Any CPU
	EndGlobalSection
	GlobalSection(SolutionProperties) = preSolution
		HideSolutionNode = FALSE
	EndGlobalSection
	GlobalSection(ExtensibilityGlobals) = postSolution
		SolutionGuid = {BFDB1676-C31F-441A-9B99-73E5F0B8F67B}
	EndGlobalSection
EndGlobal
